// !$*UTF8*$!
{
	archiveVersion = 1;
	classes = {
	};
	objectVersion = 51;
	objects = {

/* Begin PBXBuildFile section */
		12087A83238795BC0053BB82 /* AppDelegate.swift in Sources */ = {isa = PBXBuildFile; fileRef = 12087A82238795BC0053BB82 /* AppDelegate.swift */; };
		12087A88238795BC0053BB82 /* Main.storyboard in Resources */ = {isa = PBXBuildFile; fileRef = 12087A86238795BC0053BB82 /* Main.storyboard */; };
		12087A8A238795C10053BB82 /* Assets.xcassets in Resources */ = {isa = PBXBuildFile; fileRef = 12087A89238795C10053BB82 /* Assets.xcassets */; };
		12087A8D238795C10053BB82 /* LaunchScreen.storyboard in Resources */ = {isa = PBXBuildFile; fileRef = 12087A8B238795C10053BB82 /* LaunchScreen.storyboard */; };
		12F4DC8C2387965E00F34FD1 /* MapKit.framework in Frameworks */ = {isa = PBXBuildFile; fileRef = 12F4DC8B2387965E00F34FD1 /* MapKit.framework */; };
		12F4DC8E2387966600F34FD1 /* CoreLocation.framework in Frameworks */ = {isa = PBXBuildFile; fileRef = 12F4DC8D2387966600F34FD1 /* CoreLocation.framework */; };
		12F4DC9E23879B5B00F34FD1 /* TopViewController.swift in Sources */ = {isa = PBXBuildFile; fileRef = 12F4DC9C23879B5B00F34FD1 /* TopViewController.swift */; };
		12F4DC9F23879B5B00F34FD1 /* TopViewController.xib in Resources */ = {isa = PBXBuildFile; fileRef = 12F4DC9D23879B5B00F34FD1 /* TopViewController.xib */; };
		12F4DCA223879B7D00F34FD1 /* TopMainView.swift in Sources */ = {isa = PBXBuildFile; fileRef = 12F4DCA023879B7D00F34FD1 /* TopMainView.swift */; };
		12F4DCA323879B7D00F34FD1 /* TopMainView.xib in Resources */ = {isa = PBXBuildFile; fileRef = 12F4DCA123879B7D00F34FD1 /* TopMainView.xib */; };
		73B14500A37F124D31B4853C /* Pods_MapSample.framework in Frameworks */ = {isa = PBXBuildFile; fileRef = 2E9A8B00E533A0F1BEF881F1 /* Pods_MapSample.framework */; };
/* End PBXBuildFile section */

/* Begin PBXFileReference section */
		12087A7F238795BC0053BB82 /* MapSample.app */ = {isa = PBXFileReference; explicitFileType = wrapper.application; includeInIndex = 0; path = MapSample.app; sourceTree = BUILT_PRODUCTS_DIR; };
		12087A82238795BC0053BB82 /* AppDelegate.swift */ = {isa = PBXFileReference; lastKnownFileType = sourcecode.swift; path = AppDelegate.swift; sourceTree = "<group>"; };
		12087A87238795BC0053BB82 /* Base */ = {isa = PBXFileReference; lastKnownFileType = file.storyboard; name = Base; path = Base.lproj/Main.storyboard; sourceTree = "<group>"; };
		12087A89238795C10053BB82 /* Assets.xcassets */ = {isa = PBXFileReference; lastKnownFileType = folder.assetcatalog; path = Assets.xcassets; sourceTree = "<group>"; };
		12087A8C238795C10053BB82 /* Base */ = {isa = PBXFileReference; lastKnownFileType = file.storyboard; name = Base; path = Base.lproj/LaunchScreen.storyboard; sourceTree = "<group>"; };
		12087A8E238795C10053BB82 /* Info.plist */ = {isa = PBXFileReference; lastKnownFileType = text.plist.xml; path = Info.plist; sourceTree = "<group>"; };
		12F4DC8B2387965E00F34FD1 /* MapKit.framework */ = {isa = PBXFileReference; lastKnownFileType = wrapper.framework; name = MapKit.framework; path = System/Library/Frameworks/MapKit.framework; sourceTree = SDKROOT; };
		12F4DC8D2387966600F34FD1 /* CoreLocation.framework */ = {isa = PBXFileReference; lastKnownFileType = wrapper.framework; name = CoreLocation.framework; path = System/Library/Frameworks/CoreLocation.framework; sourceTree = SDKROOT; };
		12F4DC9C23879B5B00F34FD1 /* TopViewController.swift */ = {isa = PBXFileReference; lastKnownFileType = sourcecode.swift; path = TopViewController.swift; sourceTree = "<group>"; };
		12F4DC9D23879B5B00F34FD1 /* TopViewController.xib */ = {isa = PBXFileReference; lastKnownFileType = file.xib; path = TopViewController.xib; sourceTree = "<group>"; };
		12F4DCA023879B7D00F34FD1 /* TopMainView.swift */ = {isa = PBXFileReference; lastKnownFileType = sourcecode.swift; path = TopMainView.swift; sourceTree = "<group>"; };
		12F4DCA123879B7D00F34FD1 /* TopMainView.xib */ = {isa = PBXFileReference; lastKnownFileType = file.xib; path = TopMainView.xib; sourceTree = "<group>"; };
		2E9A8B00E533A0F1BEF881F1 /* Pods_MapSample.framework */ = {isa = PBXFileReference; explicitFileType = wrapper.framework; includeInIndex = 0; path = Pods_MapSample.framework; sourceTree = BUILT_PRODUCTS_DIR; };
		7C4BD064DEF2D935F7329CFD /* Pods-MapSample.debug.xcconfig */ = {isa = PBXFileReference; includeInIndex = 1; lastKnownFileType = text.xcconfig; name = "Pods-MapSample.debug.xcconfig"; path = "Target Support Files/Pods-MapSample/Pods-MapSample.debug.xcconfig"; sourceTree = "<group>"; };
		F3932053066A94893EBD1BA8 /* Pods-MapSample.release.xcconfig */ = {isa = PBXFileReference; includeInIndex = 1; lastKnownFileType = text.xcconfig; name = "Pods-MapSample.release.xcconfig"; path = "Target Support Files/Pods-MapSample/Pods-MapSample.release.xcconfig"; sourceTree = "<group>"; };
/* End PBXFileReference section */

/* Begin PBXFrameworksBuildPhase section */
		12087A7C238795BC0053BB82 /* Frameworks */ = {
			isa = PBXFrameworksBuildPhase;
			buildActionMask = 2147483647;
			files = (
				12F4DC8E2387966600F34FD1 /* CoreLocation.framework in Frameworks */,
				12F4DC8C2387965E00F34FD1 /* MapKit.framework in Frameworks */,
				73B14500A37F124D31B4853C /* Pods_MapSample.framework in Frameworks */,
			);
			runOnlyForDeploymentPostprocessing = 0;
		};
/* End PBXFrameworksBuildPhase section */

/* Begin PBXGroup section */
		073D44AA2FD38964EF219FCD /* Pods */ = {
			isa = PBXGroup;
			children = (
				7C4BD064DEF2D935F7329CFD /* Pods-MapSample.debug.xcconfig */,
				F3932053066A94893EBD1BA8 /* Pods-MapSample.release.xcconfig */,
			);
			path = Pods;
			sourceTree = "<group>";
		};
		12087A76238795BC0053BB82 = {
			isa = PBXGroup;
			children = (
				12087A81238795BC0053BB82 /* MapSample */,
				12087A80238795BC0053BB82 /* Products */,
				073D44AA2FD38964EF219FCD /* Pods */,
				A26CE4D60B9480E11E8E9A92 /* Frameworks */,
			);
			sourceTree = "<group>";
		};
		12087A80238795BC0053BB82 /* Products */ = {
			isa = PBXGroup;
			children = (
				12087A7F238795BC0053BB82 /* MapSample.app */,
			);
			name = Products;
			sourceTree = "<group>";
		};
		12087A81238795BC0053BB82 /* MapSample */ = {
			isa = PBXGroup;
			children = (
				12F4DC8F238798DD00F34FD1 /* Top */,
				12087A82238795BC0053BB82 /* AppDelegate.swift */,
				12087A86238795BC0053BB82 /* Main.storyboard */,
				12087A89238795C10053BB82 /* Assets.xcassets */,
				12087A8B238795C10053BB82 /* LaunchScreen.storyboard */,
				12087A8E238795C10053BB82 /* Info.plist */,
			);
			path = MapSample;
			sourceTree = "<group>";
		};
		12F4DC8F238798DD00F34FD1 /* Top */ = {
			isa = PBXGroup;
			children = (
				12F4DC9C23879B5B00F34FD1 /* TopViewController.swift */,
				12F4DC9D23879B5B00F34FD1 /* TopViewController.xib */,
				12F4DCA023879B7D00F34FD1 /* TopMainView.swift */,
				12F4DCA123879B7D00F34FD1 /* TopMainView.xib */,
			);
			path = Top;
			sourceTree = "<group>";
		};
		A26CE4D60B9480E11E8E9A92 /* Frameworks */ = {
			isa = PBXGroup;
			children = (
				12F4DC8D2387966600F34FD1 /* CoreLocation.framework */,
				12F4DC8B2387965E00F34FD1 /* MapKit.framework */,
				2E9A8B00E533A0F1BEF881F1 /* Pods_MapSample.framework */,
			);
			name = Frameworks;
			sourceTree = "<group>";
		};
/* End PBXGroup section */

/* Begin PBXNativeTarget section */
		12087A7E238795BC0053BB82 /* MapSample */ = {
			isa = PBXNativeTarget;
			buildConfigurationList = 12087A91238795C10053BB82 /* Build configuration list for PBXNativeTarget "MapSample" */;
			buildPhases = (
				5D540EB7BE61D2FCBC6DC68A /* [CP] Check Pods Manifest.lock */,
				12087A7B238795BC0053BB82 /* Sources */,
				12087A7C238795BC0053BB82 /* Frameworks */,
				12087A7D238795BC0053BB82 /* Resources */,
				56FF38AF7BDF43FF2CF92244 /* [CP] Embed Pods Frameworks */,
			);
			buildRules = (
			);
			dependencies = (
			);
			name = MapSample;
			productName = MapSample;
			productReference = 12087A7F238795BC0053BB82 /* MapSample.app */;
			productType = "com.apple.product-type.application";
		};
/* End PBXNativeTarget section */

/* Begin PBXProject section */
		12087A77238795BC0053BB82 /* Project object */ = {
			isa = PBXProject;
			attributes = {
				LastSwiftUpdateCheck = 1030;
				LastUpgradeCheck = 1030;
				ORGANIZATIONNAME = "App Academy";
				TargetAttributes = {
					12087A7E238795BC0053BB82 = {
						CreatedOnToolsVersion = 10.3;
					};
				};
			};
			buildConfigurationList = 12087A7A238795BC0053BB82 /* Build configuration list for PBXProject "MapSample" */;
			compatibilityVersion = "Xcode 9.3";
			developmentRegion = en;
			hasScannedForEncodings = 0;
			knownRegions = (
				en,
				Base,
			);
			mainGroup = 12087A76238795BC0053BB82;
			productRefGroup = 12087A80238795BC0053BB82 /* Products */;
			projectDirPath = "";
			projectRoot = "";
			targets = (
				12087A7E238795BC0053BB82 /* MapSample */,
			);
		};
/* End PBXProject section */

/* Begin PBXResourcesBuildPhase section */
		12087A7D238795BC0053BB82 /* Resources */ = {
			isa = PBXResourcesBuildPhase;
			buildActionMask = 2147483647;
			files = (
				12F4DCA323879B7D00F34FD1 /* TopMainView.xib in Resources */,
				12F4DC9F23879B5B00F34FD1 /* TopViewController.xib in Resources */,
				12087A8D238795C10053BB82 /* LaunchScreen.storyboard in Resources */,
				12087A8A238795C10053BB82 /* Assets.xcassets in Resources */,
				12087A88238795BC0053BB82 /* Main.storyboard in Resources */,
			);
			runOnlyForDeploymentPostprocessing = 0;
		};
/* End PBXResourcesBuildPhase section */

/* Begin PBXShellScriptBuildPhase section */
		56FF38AF7BDF43FF2CF92244 /* [CP] Embed Pods Frameworks */ = {
			isa = PBXShellScriptBuildPhase;
			buildActionMask = 2147483647;
			files = (
			);
			inputFileListPaths = (
				"${PODS_ROOT}/Target Support Files/Pods-MapSample/Pods-MapSample-frameworks-${CONFIGURATION}-input-files.xcfilelist",
			);
			name = "[CP] Embed Pods Frameworks";
			outputFileListPaths = (
				"${PODS_ROOT}/Target Support Files/Pods-MapSample/Pods-MapSample-frameworks-${CONFIGURATION}-output-files.xcfilelist",
			);
			runOnlyForDeploymentPostprocessing = 0;
			shellPath = /bin/sh;
			shellScript = "\"${PODS_ROOT}/Target Support Files/Pods-MapSample/Pods-MapSample-frameworks.sh\"\n";
			showEnvVarsInLog = 0;
		};
		5D540EB7BE61D2FCBC6DC68A /* [CP] Check Pods Manifest.lock */ = {
			isa = PBXShellScriptBuildPhase;
			buildActionMask = 2147483647;
			files = (
			);
			inputFileListPaths = (
			);
			inputPaths = (
				"${PODS_PODFILE_DIR_PATH}/Podfile.lock",
				"${PODS_ROOT}/Manifest.lock",
			);
			name = "[CP] Check Pods Manifest.lock";
			outputFileListPaths = (
			);
			outputPaths = (
				"$(DERIVED_FILE_DIR)/Pods-MapSample-checkManifestLockResult.txt",
			);
			runOnlyForDeploymentPostprocessing = 0;
			shellPath = /bin/sh;
			shellScript = "diff \"${PODS_PODFILE_DIR_PATH}/Podfile.lock\" \"${PODS_ROOT}/Manifest.lock\" > /dev/null\nif [ $? != 0 ] ; then\n    # print error to STDERR\n    echo \"error: The sandbox is not in sync with the Podfile.lock. Run 'pod install' or update your CocoaPods installation.\" >&2\n    exit 1\nfi\n# This output is used by Xcode 'outputs' to avoid re-running this script phase.\necho \"SUCCESS\" > \"${SCRIPT_OUTPUT_FILE_0}\"\n";
			showEnvVarsInLog = 0;
		};
/* End PBXShellScriptBuildPhase section */

/* Begin PBXSourcesBuildPhase section */
		12087A7B238795BC0053BB82 /* Sources */ = {
			isa = PBXSourcesBuildPhase;
			buildActionMask = 2147483647;
			files = (
				12F4DC9E23879B5B00F34FD1 /* TopViewController.swift in Sources */,
				12F4DCA223879B7D00F34FD1 /* TopMainView.swift in Sources */,
				12087A83238795BC0053BB82 /* AppDelegate.swift in Sources */,
			);
			runOnlyForDeploymentPostprocessing = 0;
		};
/* End PBXSourcesBuildPhase section */

/* Begin PBXVariantGroup section */
		12087A86238795BC0053BB82 /* Main.storyboard */ = {
			isa = PBXVariantGroup;
			children = (
				12087A87238795BC0053BB82 /* Base */,
			);
			name = Main.storyboard;
			sourceTree = "<group>";
		};
		12087A8B238795C10053BB82 /* LaunchScreen.storyboard */ = {
			isa = PBXVariantGroup;
			children = (
				12087A8C238795C10053BB82 /* Base */,
			);
			name = LaunchScreen.storyboard;
			sourceTree = "<group>";
		};
/* End PBXVariantGroup section */

/* Begin XCBuildConfiguration section */
		12087A8F238795C10053BB82 /* Debug */ = {
			isa = XCBuildConfiguration;
			buildSettings = {
				ALWAYS_SEARCH_USER_PATHS = NO;
				CLANG_ANALYZER_NONNULL = YES;
				CLANG_ANALYZER_NUMBER_OBJECT_CONVERSION = YES_AGGRESSIVE;
				CLANG_CXX_LANGUAGE_STANDARD = "gnu++14";
				CLANG_CXX_LIBRARY = "libc++";
				CLANG_ENABLE_MODULES = YES;
				CLANG_ENABLE_OBJC_ARC = YES;
				CLANG_ENABLE_OBJC_WEAK = YES;
				CLANG_WARN_BLOCK_CAPTURE_AUTORELEASING = YES;
				CLANG_WARN_BOOL_CONVERSION = YES;
				CLANG_WARN_COMMA = YES;
				CLANG_WARN_CONSTANT_CONVERSION = YES;
				CLANG_WARN_DEPRECATED_OBJC_IMPLEMENTATIONS = YES;
				CLANG_WARN_DIRECT_OBJC_ISA_USAGE = YES_ERROR;
				CLANG_WARN_DOCUMENTATION_COMMENTS = YES;
				CLANG_WARN_EMPTY_BODY = YES;
				CLANG_WARN_ENUM_CONVERSION = YES;
				CLANG_WARN_INFINITE_RECURSION = YES;
				CLANG_WARN_INT_CONVERSION = YES;
				CLANG_WARN_NON_LITERAL_NULL_CONVERSION = YES;
				CLANG_WARN_OBJC_IMPLICIT_RETAIN_SELF = YES;
				CLANG_WARN_OBJC_LITERAL_CONVERSION = YES;
				CLANG_WARN_OBJC_ROOT_CLASS = YES_ERROR;
				CLANG_WARN_RANGE_LOOP_ANALYSIS = YES;
				CLANG_WARN_STRICT_PROTOTYPES = YES;
				CLANG_WARN_SUSPICIOUS_MOVE = YES;
				CLANG_WARN_UNGUARDED_AVAILABILITY = YES_AGGRESSIVE;
				CLANG_WARN_UNREACHABLE_CODE = YES;
				CLANG_WARN__DUPLICATE_METHOD_MATCH = YES;
				CODE_SIGN_IDENTITY = "iPhone Developer";
				COPY_PHASE_STRIP = NO;
				DEBUG_INFORMATION_FORMAT = dwarf;
				ENABLE_STRICT_OBJC_MSGSEND = YES;
				ENABLE_TESTABILITY = YES;
				GCC_C_LANGUAGE_STANDARD = gnu11;
				GCC_DYNAMIC_NO_PIC = NO;
				GCC_NO_COMMON_BLOCKS = YES;
				GCC_OPTIMIZATION_LEVEL = 0;
				GCC_PREPROCESSOR_DEFINITIONS = (
					"DEBUG=1",
					"$(inherited)",
				);
				GCC_WARN_64_TO_32_BIT_CONVERSION = YES;
				GCC_WARN_ABOUT_RETURN_TYPE = YES_ERROR;
				GCC_WARN_UNDECLARED_SELECTOR = YES;
				GCC_WARN_UNINITIALIZED_AUTOS = YES_AGGRESSIVE;
				GCC_WARN_UNUSED_FUNCTION = YES;
				GCC_WARN_UNUSED_VARIABLE = YES;
				IPHONEOS_DEPLOYMENT_TARGET = 12.4;
				MTL_ENABLE_DEBUG_INFO = INCLUDE_SOURCE;
				MTL_FAST_MATH = YES;
				ONLY_ACTIVE_ARCH = YES;
				SDKROOT = iphoneos;
				SWIFT_ACTIVE_COMPILATION_CONDITIONS = DEBUG;
				SWIFT_OPTIMIZATION_LEVEL = "-Onone";
			};
			name = Debug;
		};
		12087A90238795C10053BB82 /* Release */ = {
			isa = XCBuildConfiguration;
			buildSettings = {
				ALWAYS_SEARCH_USER_PATHS = NO;
				CLANG_ANALYZER_NONNULL = YES;
				CLANG_ANALYZER_NUMBER_OBJECT_CONVERSION = YES_AGGRESSIVE;
				CLANG_CXX_LANGUAGE_STANDARD = "gnu++14";
				CLANG_CXX_LIBRARY = "libc++";
				CLANG_ENABLE_MODULES = YES;
				CLANG_ENABLE_OBJC_ARC = YES;
				CLANG_ENABLE_OBJC_WEAK = YES;
				CLANG_WARN_BLOCK_CAPTURE_AUTORELEASING = YES;
				CLANG_WARN_BOOL_CONVERSION = YES;
				CLANG_WARN_COMMA = YES;
				CLANG_WARN_CONSTANT_CONVERSION = YES;
				CLANG_WARN_DEPRECATED_OBJC_IMPLEMENTATIONS = YES;
				CLANG_WARN_DIRECT_OBJC_ISA_USAGE = YES_ERROR;
				CLANG_WARN_DOCUMENTATION_COMMENTS = YES;
				CLANG_WARN_EMPTY_BODY = YES;
				CLANG_WARN_ENUM_CONVERSION = YES;
				CLANG_WARN_INFINITE_RECURSION = YES;
				CLANG_WARN_INT_CONVERSION = YES;
				CLANG_WARN_NON_LITERAL_NULL_CONVERSION = YES;
				CLANG_WARN_OBJC_IMPLICIT_RETAIN_SELF = YES;
				CLANG_WARN_OBJC_LITERAL_CONVERSION = YES;
				CLANG_WARN_OBJC_ROOT_CLASS = YES_ERROR;
				CLANG_WARN_RANGE_LOOP_ANALYSIS = YES;
				CLANG_WARN_STRICT_PROTOTYPES = YES;
				CLANG_WARN_SUSPICIOUS_MOVE = YES;
				CLANG_WARN_UNGUARDED_AVAILABILITY = YES_AGGRESSIVE;
				CLANG_WARN_UNREACHABLE_CODE = YES;
				CLANG_WARN__DUPLICATE_METHOD_MATCH = YES;
				CODE_SIGN_IDENTITY = "iPhone Developer";
				COPY_PHASE_STRIP = NO;
				DEBUG_INFORMATION_FORMAT = "dwarf-with-dsym";
				ENABLE_NS_ASSERTIONS = NO;
				ENABLE_STRICT_OBJC_MSGSEND = YES;
				GCC_C_LANGUAGE_STANDARD = gnu11;
				GCC_NO_COMMON_BLOCKS = YES;
				GCC_WARN_64_TO_32_BIT_CONVERSION = YES;
				GCC_WARN_ABOUT_RETURN_TYPE = YES_ERROR;
				GCC_WARN_UNDECLARED_SELECTOR = YES;
				GCC_WARN_UNINITIALIZED_AUTOS = YES_AGGRESSIVE;
				GCC_WARN_UNUSED_FUNCTION = YES;
				GCC_WARN_UNUSED_VARIABLE = YES;
				IPHONEOS_DEPLOYMENT_TARGET = 12.4;
				MTL_ENABLE_DEBUG_INFO = NO;
				MTL_FAST_MATH = YES;
				SDKROOT = iphoneos;
				SWIFT_COMPILATION_MODE = wholemodule;
				SWIFT_OPTIMIZATION_LEVEL = "-O";
				VALIDATE_PRODUCT = YES;
			};
			name = Release;
		};
		12087A92238795C10053BB82 /* Debug */ = {
			isa = XCBuildConfiguration;
			baseConfigurationReference = 7C4BD064DEF2D935F7329CFD /* Pods-MapSample.debug.xcconfig */;
			buildSettings = {
				ASSETCATALOG_COMPILER_APPICON_NAME = AppIcon;
				CODE_SIGN_STYLE = Automatic;
				INFOPLIST_FILE = MapSample/Info.plist;
				LD_RUNPATH_SEARCH_PATHS = (
					"$(inherited)",
					"@executable_path/Frameworks",
				);
				PRODUCT_BUNDLE_IDENTIFIER = aa.MapSample;
				PRODUCT_NAME = "$(TARGET_NAME)";
				SWIFT_VERSION = 5.0;
				TARGETED_DEVICE_FAMILY = "1,2";
			};
			name = Debug;
		};
		12087A93238795C10053BB82 /* Release */ = {
			isa = XCBuildConfiguration;
			baseConfigurationReference = F3932053066A94893EBD1BA8 /* Pods-MapSample.release.xcconfig */;
			buildSettings = {
				ASSETCATALOG_COMPILER_APPICON_NAME = AppIcon;
				CODE_SIGN_STYLE = Automatic;
				INFOPLIST_FILE = MapSample/Info.plist;
				LD_RUNPATH_SEARCH_PATHS = (
					"$(inherited)",
					"@executable_path/Frameworks",
				);
				PRODUCT_BUNDLE_IDENTIFIER = aa.MapSample;
				PRODUCT_NAME = "$(TARGET_NAME)";
				SWIFT_VERSION = 5.0;
				TARGETED_DEVICE_FAMILY = "1,2";
			};
			name = Release;
		};
/* End XCBuildConfiguration section */

/* Begin XCConfigurationList section */
		12087A7A238795BC0053BB82 /* Build configuration list for PBXProject "MapSample" */ = {
			isa = XCConfigurationList;
			buildConfigurations = (
				12087A8F238795C10053BB82 /* Debug */,
				12087A90238795C10053BB82 /* Release */,
			);
			defaultConfigurationIsVisible = 0;
			defaultConfigurationName = Release;
		};
		12087A91238795C10053BB82 /* Build configuration list for PBXNativeTarget "MapSample" */ = {
			isa = XCConfigurationList;
			buildConfigurations = (
				12087A92238795C10053BB82 /* Debug */,
				12087A93238795C10053BB82 /* Release */,
			);
			defaultConfigurationIsVisible = 0;
			defaultConfigurationName = Release;
		};
/* End XCConfigurationList section */
	};
	rootObject = 12087A77238795BC0053BB82 /* Project object */;
}
